
Microsoft Visual Studio Solution File, Format Version 12.00
# Visual Studio Version 17
VisualStudioVersion = 17.5.002.0
MinimumVisualStudioVersion = 10.0.40219.1
Project("{9A19103F-16F7-4668-BE54-9A1E7A4F7556}") = "Tasker", "Tasker.csproj", "{528515C7-6DB9-4646-8568-D407F37A3669}"
EndProject
Global
	GlobalSection(SolutionConfigurationPlatforms) = preSolution
		Debug|Any CPU = Debug|Any CPU
		Release|Any CPU = Release|Any CPU
	EndGlobalSection
	GlobalSection(ProjectConfigurationPlatforms) = postSolution
		{528515C7-6DB9-4646-8568-D407F37A3669}.Debug|Any CPU.ActiveCfg = Debug|Any CPU
		{528515C7-6DB9-4646-8568-D407F37A3669}.Debug|Any CPU.Build.0 = Debug|Any CPU
		{528515C7-6DB9-4646-8568-D407F37A3669}.Release|Any CPU.ActiveCfg = Release|Any CPU
		{528515C7-6DB9-4646-8568-D407F37A3669}.Release|Any CPU.Build.0 = Release|Any CPU
	EndGlobalSection
	GlobalSection(SolutionProperties) = preSolution
		HideSolutionNode = FALSE
	EndGlobalSection
	GlobalSection(ExtensibilityGlobals) = postSolution
		SolutionGuid = {849FBE68-0CF7-4D79-ABEC-D1371DB1F103}
	EndGlobalSection
EndGlobal
